
Microsoft Visual Studio Solution File, Format Version 12.00
# Visual Studio Version 16
VisualStudioVersion = 16.0.31911.196
MinimumVisualStudioVersion = 10.0.40219.1
Project("{2150E333-8FDC-42A3-9474-1A3956D46DE8}") = "Images", "Images", "{D55BFB22-C162-4700-9EAC-5F69CCD17717}"
	ProjectSection(SolutionItems) = preProject
		Images\149105744.jpg = Images\149105744.jpg
		Images\149106035.thumb.jpg = Images\149106035.thumb.jpg
		Images\149106052.jpg = Images\149106052.jpg
		Images\149106128.jpg = Images\149106128.jpg
		Images\149106309.thumb.jpg = Images\149106309.thumb.jpg
		Images\149106353.jpg = Images\149106353.jpg
		Images\149106456.jpg = Images\149106456.jpg
		Images\149106459.jpg = Images\149106459.jpg
		Images\149106598.jpg = Images\149106598.jpg
		Images\149106905.thumb.jpg = Images\149106905.thumb.jpg
		Images\149107184.thumb.jpg = Images\149107184.thumb.jpg
		Images\149107219.jpg = Images\149107219.jpg
		Images\149107331.jpg = Images\149107331.jpg
		Images\149107473.jpg = Images\149107473.jpg
		Images\149107500.jpg = Images\149107500.jpg
		Images\149107510.jpg = Images\149107510.jpg
		Images\149107567.thumb.jpg = Images\149107567.thumb.jpg
		Images\149107895.jpg = Images\149107895.jpg
		Images\149107938.jpg = Images\149107938.jpg
		Images\149108025.jpg = Images\149108025.jpg
		Images\149108048.jpg = Images\149108048.jpg
		Images\149108251.jpg = Images\149108251.jpg
		Images\149108439.jpg = Images\149108439.jpg
		Images\149108476.jpg = Images\149108476.jpg
		Images\149108669.jpg = Images\149108669.jpg
		Images\149108817.thumb.jpg = Images\149108817.thumb.jpg
		Images\149108918.jpg = Images\149108918.jpg
		Images\149108970.jpg = Images\149108970.jpg
		Images\149109147.jpg = Images\149109147.jpg
		Images\149109212.jpg = Images\149109212.jpg
		Images\149109224.thumb.jpg = Images\149109224.thumb.jpg
		Images\149109321.jpg = Images\149109321.jpg
		Images\149109454.thumb.jpg = Images\149109454.thumb.jpg
		Images\149109523.thumb.jpg = Images\149109523.thumb.jpg
		Images\149109598.thumb.jpg = Images\149109598.thumb.jpg
		Images\149109724.jpg = Images\149109724.jpg
		Images\149110009.thumb.jpg = Images\149110009.thumb.jpg
		Images\149110168.jpg = Images\149110168.jpg
		Images\149110585.jpg = Images\149110585.jpg
		Images\149110614.jpg = Images\149110614.jpg
		Images\149110817.thumb.jpg = Images\149110817.thumb.jpg
		Images\149110820.jpg = Images\149110820.jpg
		Images\149110995.jpg = Images\149110995.jpg
		Images\149111068.jpg = Images\149111068.jpg
		Images\149111096.thumb.jpg = Images\149111096.thumb.jpg
		Images\149111250.thumb.jpg = Images\149111250.thumb.jpg
		Images\149111513.jpg = Images\149111513.jpg
		Images\149111530.jpg = Images\149111530.jpg
		Images\149111546.jpg = Images\149111546.jpg
		Images\149111813.jpg = Images\149111813.jpg
		Images\149114500.thumb.jpg = Images\149114500.thumb.jpg
		Images\149114751.jpg = Images\149114751.jpg
		Images\149115218.jpg = Images\149115218.jpg
		Images\149115503.thumb.jpg = Images\149115503.thumb.jpg
		Images\149115591.jpg = Images\149115591.jpg
		Images\149116868.jpg = Images\149116868.jpg
		Images\149117072.thumb.jpg = Images\149117072.thumb.jpg
		Images\149117459.jpg = Images\149117459.jpg
		Images\149117602.jpg = Images\149117602.jpg
		Images\149117665.jpg = Images\149117665.jpg
		Images\149117705.jpg = Images\149117705.jpg
		Images\149117907.jpg = Images\149117907.jpg
		Images\149118249.jpg = Images\149118249.jpg
		Images\149118336.jpg = Images\149118336.jpg
		Images\149118878.jpg = Images\149118878.jpg
		Images\149119681.jpg = Images\149119681.jpg
		Images\149119727.jpg = Images\149119727.jpg
		Images\149120933.jpg = Images\149120933.jpg
		Images\149121231.jpg = Images\149121231.jpg
		Images\149124197.jpg = Images\149124197.jpg
		Images\149124216.jpg = Images\149124216.jpg
		Images\149124761.thumb.jpg = Images\149124761.thumb.jpg
		Images\149124940.jpg = Images\149124940.jpg
		Images\149125476.jpg = Images\149125476.jpg
		Images\149125888.thumb.jpg = Images\149125888.thumb.jpg
		Images\149126175.thumb.jpg = Images\149126175.thumb.jpg
		Images\149126548.thumb.jpg = Images\149126548.thumb.jpg
		Images\149126585.jpg = Images\149126585.jpg
		Images\149127425.jpg = Images\149127425.jpg
		Images\149129487.jpg = Images\149129487.jpg
		Images\149129519.jpg = Images\149129519.jpg
		Images\149129677.jpg = Images\149129677.jpg
		Images\149129794.jpg = Images\149129794.jpg
		Images\149130063.jpg = Images\149130063.jpg
		Images\149130259.jpg = Images\149130259.jpg
		Images\149130408.jpg = Images\149130408.jpg
		Images\149130423.jpg = Images\149130423.jpg
		Images\149130640.jpg = Images\149130640.jpg
		Images\149130755.thumb.jpg = Images\149130755.thumb.jpg
		Images\149130860.thumb.jpg = Images\149130860.thumb.jpg
		Images\149131038.jpg = Images\149131038.jpg
		Images\149131200.thumb.jpg = Images\149131200.thumb.jpg
		Images\149131508.jpg = Images\149131508.jpg
		Images\149136308.jpg = Images\149136308.jpg
		Images\149136355.jpg = Images\149136355.jpg
		Images\149136642.thumb.jpg = Images\149136642.thumb.jpg
		Images\149137276.jpg = Images\149137276.jpg
		Images\149137386.jpg = Images\149137386.jpg
		Images\149137573.jpg = Images\149137573.jpg
		Images\149138229.jpg = Images\149138229.jpg
		Images\149139102.jpg = Images\149139102.jpg
		Images\149140676.jpg = Images\149140676.jpg
		Images\149141672.jpg = Images\149141672.jpg
		Images\149141694.jpg = Images\149141694.jpg
		Images\149141933.thumb.jpg = Images\149141933.thumb.jpg
		Images\149142072.thumb.jpg = Images\149142072.thumb.jpg
		Images\149142618.jpg = Images\149142618.jpg
		Images\149142776.thumb.jpg = Images\149142776.thumb.jpg
		Images\149143380.jpg = Images\149143380.jpg
		Images\149143430.jpg = Images\149143430.jpg
		Images\149143533.jpg = Images\149143533.jpg
		Images\149144003.thumb.jpg = Images\149144003.thumb.jpg
		Images\149144058.jpg = Images\149144058.jpg
		Images\149144163.jpg = Images\149144163.jpg
		Images\149144592.jpg = Images\149144592.jpg
		Images\149144677.jpg = Images\149144677.jpg
		Images\149144874.jpg = Images\149144874.jpg
		Images\149144954.jpg = Images\149144954.jpg
		Images\149145882.jpg = Images\149145882.jpg
		Images\149146052.jpg = Images\149146052.jpg
		Images\149146070.jpg = Images\149146070.jpg
		Images\149146451.jpg = Images\149146451.jpg
		Images\149146555.jpg = Images\149146555.jpg
		Images\149146910.jpg = Images\149146910.jpg
		Images\149146963.jpg = Images\149146963.jpg
		Images\149147161.jpg = Images\149147161.jpg
		Images\149147781.jpg = Images\149147781.jpg
		Images\149148108.jpg = Images\149148108.jpg
		Images\149148168.jpg = Images\149148168.jpg
		Images\149148529.jpg = Images\149148529.jpg
		Images\149149251.thumb.jpg = Images\149149251.thumb.jpg
		Images\149149360.jpg = Images\149149360.jpg
		Images\149150163.jpg = Images\149150163.jpg
		Images\149150268.jpg = Images\149150268.jpg
		Images\149150393.jpg = Images\149150393.jpg
		Images\149150619.jpg = Images\149150619.jpg
		Images\149150891.jpg = Images\149150891.jpg
		Images\149150962.jpg = Images\149150962.jpg
		Images\149151445.thumb.jpg = Images\149151445.thumb.jpg
		Images\149151621.jpg = Images\149151621.jpg
		Images\149152503.thumb.jpg = Images\149152503.thumb.jpg
		Images\149152784.jpg = Images\149152784.jpg
		Images\149152785.jpg = Images\149152785.jpg
		Images\149152841.jpg = Images\149152841.jpg
		Images\149153507.thumb.jpg = Images\149153507.thumb.jpg
		Images\149153746.jpg = Images\149153746.jpg
		Images\149154670.jpg = Images\149154670.jpg
		Images\149155097.thumb.jpg = Images\149155097.thumb.jpg
		Images\149156035.jpg = Images\149156035.jpg
		Images\149156157.jpg = Images\149156157.jpg
		Images\149156307.jpg = Images\149156307.jpg
		Images\149156955.jpg = Images\149156955.jpg
		Images\149380280.jpg = Images\149380280.jpg
		Images\149380548.thumb.jpg = Images\149380548.thumb.jpg
		Images\149380601.jpg = Images\149380601.jpg
		Images\149380923.jpg = Images\149380923.jpg
		Images\149380940.jpg = Images\149380940.jpg
		Images\149381045.jpg = Images\149381045.jpg
		Images\149381095.thumb.jpg = Images\149381095.thumb.jpg
		Images\149381461.jpg = Images\149381461.jpg
		Images\149381504.jpg = Images\149381504.jpg
		Images\149381590.jpg = Images\149381590.jpg
		Images\149381769.jpg = Images\149381769.jpg
		Images\149382038.jpg = Images\149382038.jpg
		Images\149382098.jpg = Images\149382098.jpg
		Images\149382165.jpg = Images\149382165.jpg
		Images\149382227.jpg = Images\149382227.jpg
		Images\149382321.jpg = Images\149382321.jpg
		Images\149382438.jpg = Images\149382438.jpg
		Images\149382483.jpg = Images\149382483.jpg
		Images\149382552.jpg = Images\149382552.jpg
		Images\149382636.jpg = Images\149382636.jpg
		Images\149382830.jpg = Images\149382830.jpg
		Images\149383306.jpg = Images\149383306.jpg
		Images\149383718.jpg = Images\149383718.jpg
		Images\149383845.jpg = Images\149383845.jpg
		Images\149384070.jpg = Images\149384070.jpg
		Images\149384179.thumb.jpg = Images\149384179.thumb.jpg
		Images\149384294.jpg = Images\149384294.jpg
		Images\149384870.jpg = Images\149384870.jpg
		Images\149385066.jpg = Images\149385066.jpg
		Images\149385187.jpg = Images\149385187.jpg
		Images\149385190.jpg = Images\149385190.jpg
		Images\149385467.jpg = Images\149385467.jpg
		Images\149385509.jpg = Images\149385509.jpg
		Images\149385556.jpg = Images\149385556.jpg
		Images\149385738.jpg = Images\149385738.jpg
		Images\149386212.jpg = Images\149386212.jpg
		Images\149386305.jpg = Images\149386305.jpg
		Images\149386463.jpg = Images\149386463.jpg
		Images\149386616.jpg = Images\149386616.jpg
		Images\149386734.jpg = Images\149386734.jpg
		Images\149386998.jpg = Images\149386998.jpg
		Images\149387044.thumb.jpg = Images\149387044.thumb.jpg
		Images\149387459.jpg = Images\149387459.jpg
		Images\149387673.jpg = Images\149387673.jpg
		Images\149388421.jpg = Images\149388421.jpg
		Images\149388507.jpg = Images\149388507.jpg
		Images\149389134.jpg = Images\149389134.jpg
		Images\149389284.jpg = Images\149389284.jpg
		Images\149389390.jpg = Images\149389390.jpg
		Images\149389446.jpg = Images\149389446.jpg
		Images\149389742.jpg = Images\149389742.jpg
		Images\149389834.jpg = Images\149389834.jpg
		Images\149460302.jpg = Images\149460302.jpg
		Images\149460660.jpg = Images\149460660.jpg
		Images\149460749.jpg = Images\149460749.jpg
		Images\149460774.jpg = Images\149460774.jpg
		Images\149460929.jpg = Images\149460929.jpg
		Images\149460935.jpg = Images\149460935.jpg
		Images\149461146.jpg = Images\149461146.jpg
		Images\149461474.jpg = Images\149461474.jpg
		Images\149461591.jpg = Images\149461591.jpg
		Images\149462215.jpg = Images\149462215.jpg
		Images\149462267.jpg = Images\149462267.jpg
		Images\149462295.thumb.jpg = Images\149462295.thumb.jpg
		Images\149462394.jpg = Images\149462394.jpg
		Images\149462553.jpg = Images\149462553.jpg
		Images\149462594.jpg = Images\149462594.jpg
		Images\149462707.jpg = Images\149462707.jpg
		Images\149462717.jpg = Images\149462717.jpg
		Images\149462785.jpg = Images\149462785.jpg
		Images\149469394.jpg = Images\149469394.jpg
		Images\149469483.jpg = Images\149469483.jpg
		Images\149469608.jpg = Images\149469608.jpg
		Images\149469847.jpg = Images\149469847.jpg
		Images\149470324.jpg = Images\149470324.jpg
		Images\149470376.jpg = Images\149470376.jpg
		Images\149470462.jpg = Images\149470462.jpg
		Images\149470521.jpg = Images\149470521.jpg
		Images\149470627.thumb.jpg = Images\149470627.thumb.jpg
		Images\149470843.jpg = Images\149470843.jpg
		Images\149470876.jpg = Images\149470876.jpg
		Images\149471044.jpg = Images\149471044.jpg
		Images\149471657.jpg = Images\149471657.jpg
		Images\149471672.jpg = Images\149471672.jpg
		Images\149471737.thumb.jpg = Images\149471737.thumb.jpg
		Images\149471907.jpg = Images\149471907.jpg
		Images\149477834.jpg = Images\149477834.jpg
		Images\149477871.jpg = Images\149477871.jpg
		Images\149477930.jpg = Images\149477930.jpg
		Images\149478081.jpg = Images\149478081.jpg
		Images\149478466.jpg = Images\149478466.jpg
		Images\149479187.jpg = Images\149479187.jpg
		Images\149479832.jpg = Images\149479832.jpg
		Images\149479931.jpg = Images\149479931.jpg
		Images\149480792.jpg = Images\149480792.jpg
		Images\149480829.jpg = Images\149480829.jpg
		Images\149489766.jpg = Images\149489766.jpg
		Images\149490348.thumb.jpg = Images\149490348.thumb.jpg
		Images\149490796.jpg = Images\149490796.jpg
		Images\149490939.jpg = Images\149490939.jpg
		Images\149491667.jpg = Images\149491667.jpg
		Images\149491934.jpg = Images\149491934.jpg
		Images\149492304.jpg = Images\149492304.jpg
		Images\150079887.jpg = Images\150079887.jpg
		Images\150080038.jpg = Images\150080038.jpg
		Images\150080476.jpg = Images\150080476.jpg
		Images\150080490.jpg = Images\150080490.jpg
		Images\150080705.jpg = Images\150080705.jpg
		Images\150080973.thumb.jpg = Images\150080973.thumb.jpg
		Images\150081110.jpg = Images\150081110.jpg
		Images\150081573.thumb.jpg = Images\150081573.thumb.jpg
		Images\150081589.thumb.jpg = Images\150081589.thumb.jpg
		Images\150081888.jpg = Images\150081888.jpg
		Images\150082359.jpg = Images\150082359.jpg
		Images\150082962.jpg = Images\150082962.jpg
		Images\150082992.jpg = Images\150082992.jpg
		Images\150083295.jpg = Images\150083295.jpg
		Images\150083324.jpg = Images\150083324.jpg
		Images\150083647.jpg = Images\150083647.jpg
		Images\150083719.jpg = Images\150083719.jpg
		Images\150083780.jpg = Images\150083780.jpg
		Images\150084051.jpg = Images\150084051.jpg
		Images\150084056.jpg = Images\150084056.jpg
		Images\150084171.jpg = Images\150084171.jpg
		Images\150084715.thumb.jpg = Images\150084715.thumb.jpg
		Images\150084952.jpg = Images\150084952.jpg
		Images\150084991.jpg = Images\150084991.jpg
		Images\150085089.jpg = Images\150085089.jpg
		Images\150085363.thumb.jpg = Images\150085363.thumb.jpg
		Images\150085397.thumb.jpg = Images\150085397.thumb.jpg
		Images\150085495.jpg = Images\150085495.jpg
		Images\150085542.jpg = Images\150085542.jpg
		Images\150085649.thumb.jpg = Images\150085649.thumb.jpg
		Images\150086093.jpg = Images\150086093.jpg
		Images\150086217.jpg = Images\150086217.jpg
		Images\150086282.jpg = Images\150086282.jpg
		Images\150100259.thumb.jpg = Images\150100259.thumb.jpg
		Images\150100437.thumb.jpg = Images\150100437.thumb.jpg
		Images\150100755.thumb.jpg = Images\150100755.thumb.jpg
		Images\150100905.jpg = Images\150100905.jpg
		Images\150101015.jpg = Images\150101015.jpg
		Images\150101084.jpg = Images\150101084.jpg
		Images\150101196.jpg = Images\150101196.jpg
		Images\150101560.thumb.jpg = Images\150101560.thumb.jpg
		Images\150101815.jpg = Images\150101815.jpg
		Images\150101960.jpg = Images\150101960.jpg
		Images\150102021.jpg = Images\150102021.jpg
		Images\150102427.jpg = Images\150102427.jpg
		Images\150102991.jpg = Images\150102991.jpg
		Images\150103428.jpg = Images\150103428.jpg
		Images\150103548.jpg = Images\150103548.jpg
		Images\150103629.jpg = Images\150103629.jpg
		Images\150105059.jpg = Images\150105059.jpg
		Images\150105100.jpg = Images\150105100.jpg
		Images\150105462.jpg = Images\150105462.jpg
		Images\150105852.jpg = Images\150105852.jpg
		Images\150121274.jpg = Images\150121274.jpg
		Images\150121275.thumb.jpg = Images\150121275.thumb.jpg
		Images\150121326.jpg = Images\150121326.jpg
		Images\150121456.jpg = Images\150121456.jpg
		Images\150121630.thumb.jpg = Images\150121630.thumb.jpg
		Images\150122386.thumb.jpg = Images\150122386.thumb.jpg
		Images\150123067.jpg = Images\150123067.jpg
		Images\150123221.jpg = Images\150123221.jpg
		Images\150123312.thumb.jpg = Images\150123312.thumb.jpg
		Images\150123541.jpg = Images\150123541.jpg
		Images\150123831.thumb.jpg = Images\150123831.thumb.jpg
		Images\150123986.thumb.jpg = Images\150123986.thumb.jpg
		Images\150124042.jpg = Images\150124042.jpg
		Images\150124091.thumb.jpg = Images\150124091.thumb.jpg
		Images\150124827.thumb.jpg = Images\150124827.thumb.jpg
		Images\150126693.jpg = Images\150126693.jpg
		Images\150126947.thumb.jpg = Images\150126947.thumb.jpg
		Images\150127530.thumb.jpg = Images\150127530.thumb.jpg
		Images\150128595.thumb.jpg = Images\150128595.thumb.jpg
		Images\150128966.thumb.jpg = Images\150128966.thumb.jpg
		Images\150146631.jpg = Images\150146631.jpg
		Images\150146770.jpg = Images\150146770.jpg
		Images\150147698.thumb.jpg = Images\150147698.thumb.jpg
		Images\150148094.jpg = Images\150148094.jpg
		Images\150148246.jpg = Images\150148246.jpg
		Images\150148352.jpg = Images\150148352.jpg
		Images\150148510.jpg = Images\150148510.jpg
		Images\150149207.jpg = Images\150149207.jpg
		Images\150149773.jpg = Images\150149773.jpg
		Images\150149815.jpg = Images\150149815.jpg
		Images\150149982.jpg = Images\150149982.jpg
		Images\150150545.jpg = Images\150150545.jpg
		Images\150150684.jpg = Images\150150684.jpg
		Images\150151221.jpg = Images\150151221.jpg
		Images\150151528.jpg = Images\150151528.jpg
		Images\150151596.thumb.jpg = Images\150151596.thumb.jpg
		Images\150151761.jpg = Images\150151761.jpg
		Images\150153229.jpg = Images\150153229.jpg
		Images\150153540.thumb.jpg = Images\150153540.thumb.jpg
		Images\150154102.jpg = Images\150154102.jpg
		Images\150154201.jpg = Images\150154201.jpg
		Images\150154264.jpg = Images\150154264.jpg
		Images\150173200.jpg = Images\150173200.jpg
		Images\150175671.thumb.jpg = Images\150175671.thumb.jpg
		Images\150175739.jpg = Images\150175739.jpg
		Images\150175957.thumb.jpg = Images\150175957.thumb.jpg
		Images\150176130.jpg = Images\150176130.jpg
		Images\150178298.thumb.jpg = Images\150178298.thumb.jpg
		Images\150178353.jpg = Images\150178353.jpg
		Images\150178396.jpg = Images\150178396.jpg
		Images\150178398.jpg = Images\150178398.jpg
		Images\150178614.jpg = Images\150178614.jpg
		Images\150178738.jpg = Images\150178738.jpg
		Images\150197528.jpg = Images\150197528.jpg
		Images\150197986.jpg = Images\150197986.jpg
		Images\150198076.jpg = Images\150198076.jpg
		Images\150198133.jpg = Images\150198133.jpg
		Images\150198209.jpg = Images\150198209.jpg
		Images\150198303.jpg = Images\150198303.jpg
		Images\150198310.jpg = Images\150198310.jpg
		Images\150198615.jpg = Images\150198615.jpg
		Images\150198721.jpg = Images\150198721.jpg
		Images\150198942.jpg = Images\150198942.jpg
		Images\150199165.jpg = Images\150199165.jpg
		Images\150199356.jpg = Images\150199356.jpg
		Images\150199659.jpg = Images\150199659.jpg
		Images\150199744.jpg = Images\150199744.jpg
		Images\150199807.jpg = Images\150199807.jpg
		Images\150199968.jpg = Images\150199968.jpg
		Images\150200088.jpg = Images\150200088.jpg
		Images\150200118.jpg = Images\150200118.jpg
		Images\150200164.jpg = Images\150200164.jpg
		Images\150200633.jpg = Images\150200633.jpg
		Images\150200699.jpg = Images\150200699.jpg
		Images\150200896.jpg = Images\150200896.jpg
		Images\150200953.jpg = Images\150200953.jpg
		Images\150201049.jpg = Images\150201049.jpg
		Images\150201087.jpg = Images\150201087.jpg
		Images\150201191.jpg = Images\150201191.jpg
		Images\150201292.jpg = Images\150201292.jpg
		Images\150201333.jpg = Images\150201333.jpg
		Images\150201337.jpg = Images\150201337.jpg
		Images\150201563.jpg = Images\150201563.jpg
		Images\150201648.jpg = Images\150201648.jpg
		Images\150201820.jpg = Images\150201820.jpg
		Images\150236121.jpg = Images\150236121.jpg
		Images\150236136.jpg = Images\150236136.jpg
		Images\150236191.jpg = Images\150236191.jpg
		Images\150236292.jpg = Images\150236292.jpg
		Images\150236417.jpg = Images\150236417.jpg
		Images\150236500.jpg = Images\150236500.jpg
		Images\150236516.jpg = Images\150236516.jpg
		Images\150237008.jpg = Images\150237008.jpg
		Images\150237218.jpg = Images\150237218.jpg
		Images\150237511.jpg = Images\150237511.jpg
		Images\150237561.jpg = Images\150237561.jpg
		Images\150237971.jpg = Images\150237971.jpg
		Images\150238265.thumb.jpg = Images\150238265.thumb.jpg
		Images\150238290.jpg = Images\150238290.jpg
		Images\150238470.jpg = Images\150238470.jpg
		Images\150238679.thumb.jpg = Images\150238679.thumb.jpg
		Images\150238717.jpg = Images\150238717.jpg
		Images\150239011.jpg = Images\150239011.jpg
		Images\150239055.thumb.jpg = Images\150239055.thumb.jpg
		Images\150239338.thumb.jpg = Images\150239338.thumb.jpg
		Images\150239391.jpg = Images\150239391.jpg
		Images\150239487.jpg = Images\150239487.jpg
		Images\150239771.jpg = Images\150239771.jpg
		Images\150239878.jpg = Images\150239878.jpg
		Images\150240007.jpg = Images\150240007.jpg
		Images\150240034.jpg = Images\150240034.jpg
		Images\150240329.jpg = Images\150240329.jpg
		Images\150240464.jpg = Images\150240464.jpg
		Images\150240472.jpg = Images\150240472.jpg
		Images\150241087.jpg = Images\150241087.jpg
		Images\150241198.jpg = Images\150241198.jpg
		Images\150241356.jpg = Images\150241356.jpg
		Images\150241489.thumb.jpg = Images\150241489.thumb.jpg
		Images\150241587.jpg = Images\150241587.jpg
		Images\150241987.thumb.jpg = Images\150241987.thumb.jpg
		Images\150242127.jpg = Images\150242127.jpg
		Images\150242478.jpg = Images\150242478.jpg
		Images\150302307.thumb.jpg = Images\150302307.thumb.jpg
		Images\150302397.jpg = Images\150302397.jpg
		Images\150302515.jpg = Images\150302515.jpg
		Images\150302647.jpg = Images\150302647.jpg
		Images\150302686.jpg = Images\150302686.jpg
		Images\150302710.jpg = Images\150302710.jpg
		Images\150302723.jpg = Images\150302723.jpg
		Images\150302770.jpg = Images\150302770.jpg
		Images\150302772.jpg = Images\150302772.jpg
		Images\150302795.jpg = Images\150302795.jpg
		Images\150302873.jpg = Images\150302873.jpg
		Images\150302884.jpg = Images\150302884.jpg
		Images\150303002.jpg = Images\150303002.jpg
		Images\150303008.jpg = Images\150303008.jpg
		Images\150303015.jpg = Images\150303015.jpg
		Images\150303122.jpg = Images\150303122.jpg
		Images\150303259.jpg = Images\150303259.jpg
		Images\150303291.jpg = Images\150303291.jpg
		Images\150303318.jpg = Images\150303318.jpg
		Images\150303349.jpg = Images\150303349.jpg
		Images\150303361.jpg = Images\150303361.jpg
		Images\150303513.jpg = Images\150303513.jpg
		Images\150303539.jpg = Images\150303539.jpg
		Images\150303565.jpg = Images\150303565.jpg
		Images\150303689.jpg = Images\150303689.jpg
		Images\150303760.jpg = Images\150303760.jpg
		Images\150303767.jpg = Images\150303767.jpg
		Images\150303829.jpg = Images\150303829.jpg
		Images\150303902.jpg = Images\150303902.jpg
		Images\150303922.jpg = Images\150303922.jpg
		Images\150304122.jpg = Images\150304122.jpg
		Images\150304126.jpg = Images\150304126.jpg
		Images\150304132.jpg = Images\150304132.jpg
		Images\150304216.jpg = Images\150304216.jpg
		Images\150304261.jpg = Images\150304261.jpg
		Images\150304294.jpg = Images\150304294.jpg
		Images\150304381.jpg = Images\150304381.jpg
		Images\150304396.jpg = Images\150304396.jpg
		Images\150304410.jpg = Images\150304410.jpg
		Images\150304421.jpg = Images\150304421.jpg
		Images\150304453.jpg = Images\150304453.jpg
		Images\150304480.thumb.jpg = Images\150304480.thumb.jpg
		Images\150304536.jpg = Images\150304536.jpg
		Images\150304550.jpg = Images\150304550.jpg
		Images\150304672.jpg = Images\150304672.jpg
		Images\150304734.jpg = Images\150304734.jpg
		Images\150304740.jpg = Images\150304740.jpg
		Images\150304813.jpg = Images\150304813.jpg
		Images\150304828.jpg = Images\150304828.jpg
		Images\150304871.jpg = Images\150304871.jpg
		Images\2012-BMW-3-series-front-view-6.jpeg = Images\2012-BMW-3-series-front-view-6.jpeg
		Images\2012-bmw-3-series_100380965_l.jpeg = Images\2012-bmw-3-series_100380965_l.jpeg
		Images\5805310844_5d66ef1c41_z.jpeg = Images\5805310844_5d66ef1c41_z.jpeg
		Images\5954601831_422eda0094_z.jpeg = Images\5954601831_422eda0094_z.jpeg
		Images\6338367412_abfbb2421a_z.jpeg = Images\6338367412_abfbb2421a_z.jpeg
		Images\6685406937_f3d0d3c950_o.jpg = Images\6685406937_f3d0d3c950_o.jpg
		Images\67163627.jpeg = Images\67163627.jpeg
		Images\6753583699_e0bd9b1424.jpg = Images\6753583699_e0bd9b1424.jpg
		Images\6776852761_0cdd6fc3b6.jpeg = Images\6776852761_0cdd6fc3b6.jpeg
		Images\6776853663_aa7049c1b5.jpeg = Images\6776853663_aa7049c1b5.jpeg
		Images\6912273093_8ef399a599_b.jpg = Images\6912273093_8ef399a599_b.jpg
		Images\7170736926_4baf75c586_z.jpeg = Images\7170736926_4baf75c586_z.jpeg
		Images\7384634278_7742555251_z.jpeg = Images\7384634278_7742555251_z.jpeg
		Images\7389021496_bf447b529f.jpeg = Images\7389021496_bf447b529f.jpeg
		Images\7395018602_82ab7ae7a9.jpeg = Images\7395018602_82ab7ae7a9.jpeg
		Images\7442015152_7660dc32e9_o.jpg = Images\7442015152_7660dc32e9_o.jpg
		Images\7442017340_07afac5fc7.jpeg = Images\7442017340_07afac5fc7.jpeg
		Images\7659966374_96a72b1d03_z.jpeg = Images\7659966374_96a72b1d03_z.jpeg
		Images\7838713990_803a905517_z.jpeg = Images\7838713990_803a905517_z.jpeg
		Images\7875168954_18c549bf6d.jpeg = Images\7875168954_18c549bf6d.jpeg
		Images\7894238946_20405da846_o.jpg = Images\7894238946_20405da846_o.jpg
		Images\7894240418_7d3f06023f_o.jpg = Images\7894240418_7d3f06023f_o.jpg
		Images\8051422530_69f30e94cd_b.jpg = Images\8051422530_69f30e94cd_b.jpg
		Images\8057028683_a8eb0a2605_z.jpeg = Images\8057028683_a8eb0a2605_z.jpeg
		Images\8163804713_c44fb78581_o.jpg = Images\8163804713_c44fb78581_o.jpg
		Images\B14662-2012-BMW-3-Series-328i-Alpine-White.jpeg = Images\B14662-2012-BMW-3-Series-328i-Alpine-White.jpeg
		Images\bm20123seriessedan60049168.jpeg = Images\bm20123seriessedan60049168.jpeg
		Images\DSC_0253b-630x378.jpeg = Images\DSC_0253b-630x378.jpeg
		Images\fe8c9b483356015d8d3c04bd4fe4820bfff9cce0.jpeg = Images\fe8c9b483356015d8d3c04bd4fe4820bfff9cce0.jpeg
		Images\jpeg.jpeg = Images\jpeg.jpeg
		Images\thelastpictureyay.jpg = Images\thelastpictureyay.jpg
		Images\used-2012-bmw-3_series-4drsdn328irwd-8522-8507368-2-400.jpeg = Images\used-2012-bmw-3_series-4drsdn328irwd-8522-8507368-2-400.jpeg
	EndProjectSection
EndProject
Project("{9A19103F-16F7-4668-BE54-9A1E7A4F7556}") = "CarDealershipManagement.Infrastructure", "CarDealershipManagement.Infrastructure\CarDealershipManagement.Infrastructure.csproj", "{0E923FF3-DE4E-4A5E-A8C4-7C7684594F33}"
EndProject
Project("{9A19103F-16F7-4668-BE54-9A1E7A4F7556}") = "CarDealershipManagement.Core", "CarDealershipManagement.Core\CarDealershipManagement.Core.csproj", "{AC3B7BCC-DB6F-4CD4-86D7-31853913D8C2}"
EndProject
Project("{9A19103F-16F7-4668-BE54-9A1E7A4F7556}") = "CarDealershipManagement.WebUI", "CarDealershipManagement.WebUI\CarDealershipManagement.WebUI.csproj", "{7C02E0E0-CA5F-4595-818F-0049113C2003}"
EndProject
Global
	GlobalSection(SolutionConfigurationPlatforms) = preSolution
		Debug|Any CPU = Debug|Any CPU
		Release|Any CPU = Release|Any CPU
	EndGlobalSection
	GlobalSection(ProjectConfigurationPlatforms) = postSolution
		{0E923FF3-DE4E-4A5E-A8C4-7C7684594F33}.Debug|Any CPU.ActiveCfg = Debug|Any CPU
		{0E923FF3-DE4E-4A5E-A8C4-7C7684594F33}.Debug|Any CPU.Build.0 = Debug|Any CPU
		{0E923FF3-DE4E-4A5E-A8C4-7C7684594F33}.Release|Any CPU.ActiveCfg = Release|Any CPU
		{0E923FF3-DE4E-4A5E-A8C4-7C7684594F33}.Release|Any CPU.Build.0 = Release|Any CPU
		{AC3B7BCC-DB6F-4CD4-86D7-31853913D8C2}.Debug|Any CPU.ActiveCfg = Debug|Any CPU
		{AC3B7BCC-DB6F-4CD4-86D7-31853913D8C2}.Debug|Any CPU.Build.0 = Debug|Any CPU
		{AC3B7BCC-DB6F-4CD4-86D7-31853913D8C2}.Release|Any CPU.ActiveCfg = Release|Any CPU
		{AC3B7BCC-DB6F-4CD4-86D7-31853913D8C2}.Release|Any CPU.Build.0 = Release|Any CPU
		{7C02E0E0-CA5F-4595-818F-0049113C2003}.Debug|Any CPU.ActiveCfg = Debug|Any CPU
		{7C02E0E0-CA5F-4595-818F-0049113C2003}.Debug|Any CPU.Build.0 = Debug|Any CPU
		{7C02E0E0-CA5F-4595-818F-0049113C2003}.Release|Any CPU.ActiveCfg = Release|Any CPU
		{7C02E0E0-CA5F-4595-818F-0049113C2003}.Release|Any CPU.Build.0 = Release|Any CPU
	EndGlobalSection
	GlobalSection(SolutionProperties) = preSolution
		HideSolutionNode = FALSE
	EndGlobalSection
	GlobalSection(ExtensibilityGlobals) = postSolution
		SolutionGuid = {FE5E7AC3-1B14-40EE-B0D5-DC476B4C686B}
	EndGlobalSection
EndGlobal
